
Microsoft Visual Studio Solution File, Format Version 12.00
# Visual Studio Version 17
VisualStudioVersion = 17.7.34202.233
MinimumVisualStudioVersion = 10.0.40219.1
Project("{FAE04EC0-301F-11D3-BF4B-00C04F79EFBC}") = "Assignment 7 COMMAND", "Assignment 7 COMMAND.csproj", "{C7EB4D99-10BF-4030-8BA9-993935DE1943}"
EndProject
Global
	GlobalSection(SolutionConfigurationPlatforms) = preSolution
		Debug|Any CPU = Debug|Any CPU
		Release|Any CPU = Release|Any CPU
	EndGlobalSection
	GlobalSection(ProjectConfigurationPlatforms) = postSolution
		{C7EB4D99-10BF-4030-8BA9-993935DE1943}.Debug|Any CPU.ActiveCfg = Debug|Any CPU
		{C7EB4D99-10BF-4030-8BA9-993935DE1943}.Debug|Any CPU.Build.0 = Debug|Any CPU
		{C7EB4D99-10BF-4030-8BA9-993935DE1943}.Release|Any CPU.ActiveCfg = Release|Any CPU
		{C7EB4D99-10BF-4030-8BA9-993935DE1943}.Release|Any CPU.Build.0 = Release|Any CPU
	EndGlobalSection
	GlobalSection(SolutionProperties) = preSolution
		HideSolutionNode = FALSE
	EndGlobalSection
	GlobalSection(ExtensibilityGlobals) = postSolution
		SolutionGuid = {8467680A-CEFB-4288-AF34-176EB299D486}
	EndGlobalSection
EndGlobal
